
Microsoft Visual Studio Solution File, Format Version 12.00
# Visual Studio Version 17
VisualStudioVersion = 17.11.35312.102
MinimumVisualStudioVersion = 10.0.40219.1
Project("{FAE04EC0-301F-11D3-BF4B-00C04F79EFBC}") = "LeaveManagementSystem.Web", "LeaveManagementSystem.Web\LeaveManagementSystem.Web.csproj", "{EFB1F84B-E236-4C69-B02C-58672F6BFF71}"
EndProject
Global
	GlobalSection(SolutionConfigurationPlatforms) = preSolution
		Debug|Any CPU = Debug|Any CPU
		Release|Any CPU = Release|Any CPU
	EndGlobalSection
	GlobalSection(ProjectConfigurationPlatforms) = postSolution
		{EFB1F84B-E236-4C69-B02C-58672F6BFF71}.Debug|Any CPU.ActiveCfg = Debug|Any CPU
		{EFB1F84B-E236-4C69-B02C-58672F6BFF71}.Debug|Any CPU.Build.0 = Debug|Any CPU
		{EFB1F84B-E236-4C69-B02C-58672F6BFF71}.Release|Any CPU.ActiveCfg = Release|Any CPU
		{EFB1F84B-E236-4C69-B02C-58672F6BFF71}.Release|Any CPU.Build.0 = Release|Any CPU
	EndGlobalSection
	GlobalSection(SolutionProperties) = preSolution
		HideSolutionNode = FALSE
	EndGlobalSection
	GlobalSection(ExtensibilityGlobals) = postSolution
		SolutionGuid = {BF725A7C-9399-41FE-8E7A-EE08A5A17F10}
	EndGlobalSection
EndGlobal
